
Microsoft Visual Studio Solution File, Format Version 11.00
# Visual Studio 2010
Project("{D954291E-2A0B-460D-934E-DC6B0785DB48}") = "Countly.Core", "Countly.Core\Countly.Core.shproj", "{A4BB851A-6AD7-4FE6-A884-71D86C8AE566}"
EndProject
Project("{2150E333-8FDC-42A3-9474-1A3956D46DE8}") = "Targets", "Targets", "{A93D5A49-25BB-4A6E-B592-CBCBD6DB4FE3}"
EndProject
Project("{FAE04EC0-301F-11D3-BF4B-00C04F79EFBC}") = "Countly.iOS", "Targets\Countly.iOS\Countly.iOS.csproj", "{F333121A-429B-44F5-B0C5-1CFB6B6999B8}"
EndProject
Project("{FAE04EC0-301F-11D3-BF4B-00C04F79EFBC}") = "Countly.Android", "Targets\Countly.Android\Countly.Android.csproj", "{26B7B17E-FA27-470F-A2A2-4125AA9AC47D}"
EndProject
Project("{2150E333-8FDC-42A3-9474-1A3956D46DE8}") = "Samples", "Samples", "{C96C6857-203E-4C47-AFE2-404ED49BBE4E}"
EndProject
Project("{FAE04EC0-301F-11D3-BF4B-00C04F79EFBC}") = "Sample.iOS", "Samples\Sample.iOS\Sample.iOS.csproj", "{40B5BC0C-020D-4079-8477-591D439CB53A}"
EndProject
Project("{FAE04EC0-301F-11D3-BF4B-00C04F79EFBC}") = "Sample.Android", "Samples\Sample.Android\Sample.Android.csproj", "{2FC722A3-7251-4E0B-AF4A-F29A24BC19DD}"
EndProject
Global
	GlobalSection(SolutionConfigurationPlatforms) = preSolution
		Debug|Any CPU = Debug|Any CPU
		Release|Any CPU = Release|Any CPU
		Debug|iPhoneSimulator = Debug|iPhoneSimulator
		Release|iPhoneSimulator = Release|iPhoneSimulator
		Debug|iPhone = Debug|iPhone
		Release|iPhone = Release|iPhone
		Ad-Hoc|iPhone = Ad-Hoc|iPhone
		AppStore|iPhone = AppStore|iPhone
	EndGlobalSection
	GlobalSection(ProjectConfigurationPlatforms) = postSolution
		{26B7B17E-FA27-470F-A2A2-4125AA9AC47D}.Ad-Hoc|iPhone.ActiveCfg = Release|Any CPU
		{26B7B17E-FA27-470F-A2A2-4125AA9AC47D}.Ad-Hoc|iPhone.Build.0 = Release|Any CPU
		{26B7B17E-FA27-470F-A2A2-4125AA9AC47D}.AppStore|iPhone.ActiveCfg = Release|Any CPU
		{26B7B17E-FA27-470F-A2A2-4125AA9AC47D}.AppStore|iPhone.Build.0 = Release|Any CPU
		{26B7B17E-FA27-470F-A2A2-4125AA9AC47D}.Debug|Any CPU.ActiveCfg = Debug|Any CPU
		{26B7B17E-FA27-470F-A2A2-4125AA9AC47D}.Debug|Any CPU.Build.0 = Debug|Any CPU
		{26B7B17E-FA27-470F-A2A2-4125AA9AC47D}.Debug|iPhone.ActiveCfg = Debug|Any CPU
		{26B7B17E-FA27-470F-A2A2-4125AA9AC47D}.Debug|iPhone.Build.0 = Debug|Any CPU
		{26B7B17E-FA27-470F-A2A2-4125AA9AC47D}.Debug|iPhoneSimulator.ActiveCfg = Debug|Any CPU
		{26B7B17E-FA27-470F-A2A2-4125AA9AC47D}.Debug|iPhoneSimulator.Build.0 = Debug|Any CPU
		{26B7B17E-FA27-470F-A2A2-4125AA9AC47D}.Release|Any CPU.ActiveCfg = Release|Any CPU
		{26B7B17E-FA27-470F-A2A2-4125AA9AC47D}.Release|Any CPU.Build.0 = Release|Any CPU
		{26B7B17E-FA27-470F-A2A2-4125AA9AC47D}.Release|iPhone.ActiveCfg = Release|Any CPU
		{26B7B17E-FA27-470F-A2A2-4125AA9AC47D}.Release|iPhone.Build.0 = Release|Any CPU
		{26B7B17E-FA27-470F-A2A2-4125AA9AC47D}.Release|iPhoneSimulator.ActiveCfg = Release|Any CPU
		{26B7B17E-FA27-470F-A2A2-4125AA9AC47D}.Release|iPhoneSimulator.Build.0 = Release|Any CPU
		{2FC722A3-7251-4E0B-AF4A-F29A24BC19DD}.Ad-Hoc|iPhone.ActiveCfg = Release|Any CPU
		{2FC722A3-7251-4E0B-AF4A-F29A24BC19DD}.Ad-Hoc|iPhone.Build.0 = Release|Any CPU
		{2FC722A3-7251-4E0B-AF4A-F29A24BC19DD}.AppStore|iPhone.ActiveCfg = Release|Any CPU
		{2FC722A3-7251-4E0B-AF4A-F29A24BC19DD}.AppStore|iPhone.Build.0 = Release|Any CPU
		{2FC722A3-7251-4E0B-AF4A-F29A24BC19DD}.Debug|Any CPU.ActiveCfg = Debug|Any CPU
		{2FC722A3-7251-4E0B-AF4A-F29A24BC19DD}.Debug|Any CPU.Build.0 = Debug|Any CPU
		{2FC722A3-7251-4E0B-AF4A-F29A24BC19DD}.Debug|iPhone.ActiveCfg = Debug|Any CPU
		{2FC722A3-7251-4E0B-AF4A-F29A24BC19DD}.Debug|iPhone.Build.0 = Debug|Any CPU
		{2FC722A3-7251-4E0B-AF4A-F29A24BC19DD}.Debug|iPhoneSimulator.ActiveCfg = Debug|Any CPU
		{2FC722A3-7251-4E0B-AF4A-F29A24BC19DD}.Debug|iPhoneSimulator.Build.0 = Debug|Any CPU
		{2FC722A3-7251-4E0B-AF4A-F29A24BC19DD}.Release|Any CPU.ActiveCfg = Release|Any CPU
		{2FC722A3-7251-4E0B-AF4A-F29A24BC19DD}.Release|Any CPU.Build.0 = Release|Any CPU
		{2FC722A3-7251-4E0B-AF4A-F29A24BC19DD}.Release|iPhone.ActiveCfg = Release|Any CPU
		{2FC722A3-7251-4E0B-AF4A-F29A24BC19DD}.Release|iPhone.Build.0 = Release|Any CPU
		{2FC722A3-7251-4E0B-AF4A-F29A24BC19DD}.Release|iPhoneSimulator.ActiveCfg = Release|Any CPU
		{2FC722A3-7251-4E0B-AF4A-F29A24BC19DD}.Release|iPhoneSimulator.Build.0 = Release|Any CPU
		{40B5BC0C-020D-4079-8477-591D439CB53A}.Ad-Hoc|iPhone.ActiveCfg = Ad-Hoc|iPhone
		{40B5BC0C-020D-4079-8477-591D439CB53A}.Ad-Hoc|iPhone.Build.0 = Ad-Hoc|iPhone
		{40B5BC0C-020D-4079-8477-591D439CB53A}.AppStore|iPhone.ActiveCfg = AppStore|iPhone
		{40B5BC0C-020D-4079-8477-591D439CB53A}.AppStore|iPhone.Build.0 = AppStore|iPhone
		{40B5BC0C-020D-4079-8477-591D439CB53A}.Debug|Any CPU.ActiveCfg = Debug|iPhoneSimulator
		{40B5BC0C-020D-4079-8477-591D439CB53A}.Debug|Any CPU.Build.0 = Debug|iPhoneSimulator
		{40B5BC0C-020D-4079-8477-591D439CB53A}.Debug|iPhone.ActiveCfg = Debug|iPhone
		{40B5BC0C-020D-4079-8477-591D439CB53A}.Debug|iPhone.Build.0 = Debug|iPhone
		{40B5BC0C-020D-4079-8477-591D439CB53A}.Debug|iPhoneSimulator.ActiveCfg = Debug|iPhoneSimulator
		{40B5BC0C-020D-4079-8477-591D439CB53A}.Debug|iPhoneSimulator.Build.0 = Debug|iPhoneSimulator
		{40B5BC0C-020D-4079-8477-591D439CB53A}.Release|Any CPU.ActiveCfg = Release|iPhoneSimulator
		{40B5BC0C-020D-4079-8477-591D439CB53A}.Release|Any CPU.Build.0 = Release|iPhoneSimulator
		{40B5BC0C-020D-4079-8477-591D439CB53A}.Release|iPhone.ActiveCfg = Release|iPhone
		{40B5BC0C-020D-4079-8477-591D439CB53A}.Release|iPhone.Build.0 = Release|iPhone
		{40B5BC0C-020D-4079-8477-591D439CB53A}.Release|iPhoneSimulator.ActiveCfg = Release|iPhoneSimulator
		{40B5BC0C-020D-4079-8477-591D439CB53A}.Release|iPhoneSimulator.Build.0 = Release|iPhoneSimulator
		{F333121A-429B-44F5-B0C5-1CFB6B6999B8}.Ad-Hoc|iPhone.ActiveCfg = Debug|Any CPU
		{F333121A-429B-44F5-B0C5-1CFB6B6999B8}.Ad-Hoc|iPhone.Build.0 = Debug|Any CPU
		{F333121A-429B-44F5-B0C5-1CFB6B6999B8}.AppStore|iPhone.ActiveCfg = Debug|Any CPU
		{F333121A-429B-44F5-B0C5-1CFB6B6999B8}.AppStore|iPhone.Build.0 = Debug|Any CPU
		{F333121A-429B-44F5-B0C5-1CFB6B6999B8}.Debug|Any CPU.ActiveCfg = Debug|Any CPU
		{F333121A-429B-44F5-B0C5-1CFB6B6999B8}.Debug|Any CPU.Build.0 = Debug|Any CPU
		{F333121A-429B-44F5-B0C5-1CFB6B6999B8}.Debug|iPhone.ActiveCfg = Debug|Any CPU
		{F333121A-429B-44F5-B0C5-1CFB6B6999B8}.Debug|iPhone.Build.0 = Debug|Any CPU
		{F333121A-429B-44F5-B0C5-1CFB6B6999B8}.Debug|iPhoneSimulator.ActiveCfg = Debug|Any CPU
		{F333121A-429B-44F5-B0C5-1CFB6B6999B8}.Debug|iPhoneSimulator.Build.0 = Debug|Any CPU
		{F333121A-429B-44F5-B0C5-1CFB6B6999B8}.Release|Any CPU.ActiveCfg = Release|Any CPU
		{F333121A-429B-44F5-B0C5-1CFB6B6999B8}.Release|Any CPU.Build.0 = Release|Any CPU
		{F333121A-429B-44F5-B0C5-1CFB6B6999B8}.Release|iPhone.ActiveCfg = Release|Any CPU
		{F333121A-429B-44F5-B0C5-1CFB6B6999B8}.Release|iPhone.Build.0 = Release|Any CPU
		{F333121A-429B-44F5-B0C5-1CFB6B6999B8}.Release|iPhoneSimulator.ActiveCfg = Release|Any CPU
		{F333121A-429B-44F5-B0C5-1CFB6B6999B8}.Release|iPhoneSimulator.Build.0 = Release|Any CPU
	EndGlobalSection
	GlobalSection(NestedProjects) = preSolution
		{F333121A-429B-44F5-B0C5-1CFB6B6999B8} = {A93D5A49-25BB-4A6E-B592-CBCBD6DB4FE3}
		{26B7B17E-FA27-470F-A2A2-4125AA9AC47D} = {A93D5A49-25BB-4A6E-B592-CBCBD6DB4FE3}
		{40B5BC0C-020D-4079-8477-591D439CB53A} = {C96C6857-203E-4C47-AFE2-404ED49BBE4E}
		{2FC722A3-7251-4E0B-AF4A-F29A24BC19DD} = {C96C6857-203E-4C47-AFE2-404ED49BBE4E}
	EndGlobalSection
	GlobalSection(MonoDevelopProperties) = preSolution
		StartupItem = Samples\Sample.iOS\Sample.iOS.csproj
	EndGlobalSection
EndGlobal
